{
  "version": 4,
  "terraform_version": "1.14.8",
  "serial": 14,
  "lineage": "0a8f0c51-5ccf-9ab0-3265-9e21ab14e7c1",
  "outputs": {
    "random_pet_name": {
      "value": "sunny-lab",
      "type": "string"
    }
  },
  "resources": [
    {
      "mode": "managed",
      "type": "random_pet",
      "name": "name",
      "provider": "provider[\"registry.terraform.io/hashicorp/random\"]",
      "instances": [
        {
          "schema_version": 0,
          "attributes": {
            "id": "sunny-lab",
            "keepers": null,
            "length": 2,
            "prefix": null,
            "separator": "-"
          },
          "sensitive_attributes": [],
          "identity_schema_version": 0
        }
      ]
    }
  ],
  "check_results": null
}
